
Microsoft Visual Studio Solution File, Format Version 12.00
# Visual Studio Version 16
VisualStudioVersion = 16.0.31702.278
MinimumVisualStudioVersion = 10.0.40219.1
Project("{FAE04EC0-301F-11D3-BF4B-00C04F79EFBC}") = "CityPuzzleAPI", "CityPuzzleAPI\CityPuzzleAPI.csproj", "{9BFBDC43-195B-49C8-A8DD-AB7D1473CC1C}"
EndProject
Global
	GlobalSection(SolutionConfigurationPlatforms) = preSolution
		Debug|Any CPU = Debug|Any CPU
		Release|Any CPU = Release|Any CPU
	EndGlobalSection
	GlobalSection(ProjectConfigurationPlatforms) = postSolution
		{9BFBDC43-195B-49C8-A8DD-AB7D1473CC1C}.Debug|Any CPU.ActiveCfg = Debug|Any CPU
		{9BFBDC43-195B-49C8-A8DD-AB7D1473CC1C}.Debug|Any CPU.Build.0 = Debug|Any CPU
		{9BFBDC43-195B-49C8-A8DD-AB7D1473CC1C}.Release|Any CPU.ActiveCfg = Release|Any CPU
		{9BFBDC43-195B-49C8-A8DD-AB7D1473CC1C}.Release|Any CPU.Build.0 = Release|Any CPU
	EndGlobalSection
	GlobalSection(SolutionProperties) = preSolution
		HideSolutionNode = FALSE
	EndGlobalSection
	GlobalSection(ExtensibilityGlobals) = postSolution
		SolutionGuid = {F33F71AE-0F60-42ED-A839-6DCB6EC9DD09}
	EndGlobalSection
EndGlobal
